// !$*UTF8*$!
{
	archiveVersion = 1;
	classes = {
	};
	objectVersion = 56;
	objects = {

/* Begin PBXBuildFile section */
		E4A229972C66A4720058123F /* MemoApp.swift in Sources */ = {isa = PBXBuildFile; fileRef = E4A229962C66A4720058123F /* MemoApp.swift */; };
		E4A229992C66A4720058123F /* HomeView.swift in Sources */ = {isa = PBXBuildFile; fileRef = E4A229982C66A4720058123F /* HomeView.swift */; };
		E4A2299B2C66A4740058123F /* Assets.xcassets in Resources */ = {isa = PBXBuildFile; fileRef = E4A2299A2C66A4740058123F /* Assets.xcassets */; };
		E4A2299E2C66A4740058123F /* Preview Assets.xcassets in Resources */ = {isa = PBXBuildFile; fileRef = E4A2299D2C66A4740058123F /* Preview Assets.xcassets */; };
		E4A229A82C66A4740058123F /* MemoTests.swift in Sources */ = {isa = PBXBuildFile; fileRef = E4A229A72C66A4740058123F /* MemoTests.swift */; };
		E4A229B22C66A4740058123F /* MemoUITests.swift in Sources */ = {isa = PBXBuildFile; fileRef = E4A229B12C66A4740058123F /* MemoUITests.swift */; };
		E4A229B42C66A4740058123F /* MemoUITestsLaunchTests.swift in Sources */ = {isa = PBXBuildFile; fileRef = E4A229B32C66A4740058123F /* MemoUITestsLaunchTests.swift */; };
		E4A229CB2C6775AB0058123F /* ChatBox.swift in Sources */ = {isa = PBXBuildFile; fileRef = E4A229CA2C6775AB0058123F /* ChatBox.swift */; };
		E4A229CE2C677D7A0058123F /* BadgeDot.swift in Sources */ = {isa = PBXBuildFile; fileRef = E4A229CD2C677D7A0058123F /* BadgeDot.swift */; };
		E4A229D12C6785560058123F /* NavigationBar.swift in Sources */ = {isa = PBXBuildFile; fileRef = E4A229D02C6785560058123F /* NavigationBar.swift */; };
		E4A229D42C6786780058123F /* Icon.swift in Sources */ = {isa = PBXBuildFile; fileRef = E4A229D32C6786780058123F /* Icon.swift */; };
		E4A229D72C678A1F0058123F /* ContentView.swift in Sources */ = {isa = PBXBuildFile; fileRef = E4A229D62C678A1F0058123F /* ContentView.swift */; };
/* End PBXBuildFile section */

/* Begin PBXContainerItemProxy section */
		E4A229A42C66A4740058123F /* PBXContainerItemProxy */ = {
			isa = PBXContainerItemProxy;
			containerPortal = E4A2298B2C66A4720058123F /* Project object */;
			proxyType = 1;
			remoteGlobalIDString = E4A229922C66A4720058123F;
			remoteInfo = Memo;
		};
		E4A229AE2C66A4740058123F /* PBXContainerItemProxy */ = {
			isa = PBXContainerItemProxy;
			containerPortal = E4A2298B2C66A4720058123F /* Project object */;
			proxyType = 1;
			remoteGlobalIDString = E4A229922C66A4720058123F;
			remoteInfo = Memo;
		};
/* End PBXContainerItemProxy section */

/* Begin PBXFileReference section */
		E4A229932C66A4720058123F /* Memo.app */ = {isa = PBXFileReference; explicitFileType = wrapper.application; includeInIndex = 0; path = Memo.app; sourceTree = BUILT_PRODUCTS_DIR; };
		E4A229962C66A4720058123F /* MemoApp.swift */ = {isa = PBXFileReference; lastKnownFileType = sourcecode.swift; path = MemoApp.swift; sourceTree = "<group>"; };
		E4A229982C66A4720058123F /* HomeView.swift */ = {isa = PBXFileReference; lastKnownFileType = sourcecode.swift; path = HomeView.swift; sourceTree = "<group>"; };
		E4A2299A2C66A4740058123F /* Assets.xcassets */ = {isa = PBXFileReference; lastKnownFileType = folder.assetcatalog; path = Assets.xcassets; sourceTree = "<group>"; };
		E4A2299D2C66A4740058123F /* Preview Assets.xcassets */ = {isa = PBXFileReference; lastKnownFileType = folder.assetcatalog; path = "Preview Assets.xcassets"; sourceTree = "<group>"; };
		E4A229A32C66A4740058123F /* MemoTests.xctest */ = {isa = PBXFileReference; explicitFileType = wrapper.cfbundle; includeInIndex = 0; path = MemoTests.xctest; sourceTree = BUILT_PRODUCTS_DIR; };
		E4A229A72C66A4740058123F /* MemoTests.swift */ = {isa = PBXFileReference; lastKnownFileType = sourcecode.swift; path = MemoTests.swift; sourceTree = "<group>"; };
		E4A229AD2C66A4740058123F /* MemoUITests.xctest */ = {isa = PBXFileReference; explicitFileType = wrapper.cfbundle; includeInIndex = 0; path = MemoUITests.xctest; sourceTree = BUILT_PRODUCTS_DIR; };
		E4A229B12C66A4740058123F /* MemoUITests.swift */ = {isa = PBXFileReference; lastKnownFileType = sourcecode.swift; path = MemoUITests.swift; sourceTree = "<group>"; };
		E4A229B32C66A4740058123F /* MemoUITestsLaunchTests.swift */ = {isa = PBXFileReference; lastKnownFileType = sourcecode.swift; path = MemoUITestsLaunchTests.swift; sourceTree = "<group>"; };
		E4A229CA2C6775AB0058123F /* ChatBox.swift */ = {isa = PBXFileReference; lastKnownFileType = sourcecode.swift; path = ChatBox.swift; sourceTree = "<group>"; };
		E4A229CD2C677D7A0058123F /* BadgeDot.swift */ = {isa = PBXFileReference; lastKnownFileType = sourcecode.swift; path = BadgeDot.swift; sourceTree = "<group>"; };
		E4A229D02C6785560058123F /* NavigationBar.swift */ = {isa = PBXFileReference; lastKnownFileType = sourcecode.swift; path = NavigationBar.swift; sourceTree = "<group>"; };
		E4A229D32C6786780058123F /* Icon.swift */ = {isa = PBXFileReference; lastKnownFileType = sourcecode.swift; path = Icon.swift; sourceTree = "<group>"; };
		E4A229D62C678A1F0058123F /* ContentView.swift */ = {isa = PBXFileReference; lastKnownFileType = sourcecode.swift; path = ContentView.swift; sourceTree = "<group>"; };
/* End PBXFileReference section */

/* Begin PBXFrameworksBuildPhase section */
		E4A229902C66A4720058123F /* Frameworks */ = {
			isa = PBXFrameworksBuildPhase;
			buildActionMask = 2147483647;
			files = (
			);
			runOnlyForDeploymentPostprocessing = 0;
		};
		E4A229A02C66A4740058123F /* Frameworks */ = {
			isa = PBXFrameworksBuildPhase;
			buildActionMask = 2147483647;
			files = (
			);
			runOnlyForDeploymentPostprocessing = 0;
		};
		E4A229AA2C66A4740058123F /* Frameworks */ = {
			isa = PBXFrameworksBuildPhase;
			buildActionMask = 2147483647;
			files = (
			);
			runOnlyForDeploymentPostprocessing = 0;
		};
/* End PBXFrameworksBuildPhase section */

/* Begin PBXGroup section */
		E4A2298A2C66A4720058123F = {
			isa = PBXGroup;
			children = (
				E4A229952C66A4720058123F /* Memo */,
				E4A229A62C66A4740058123F /* MemoTests */,
				E4A229B02C66A4740058123F /* MemoUITests */,
				E4A229942C66A4720058123F /* Products */,
			);
			sourceTree = "<group>";
		};
		E4A229942C66A4720058123F /* Products */ = {
			isa = PBXGroup;
			children = (
				E4A229932C66A4720058123F /* Memo.app */,
				E4A229A32C66A4740058123F /* MemoTests.xctest */,
				E4A229AD2C66A4740058123F /* MemoUITests.xctest */,
			);
			name = Products;
			sourceTree = "<group>";
		};
		E4A229952C66A4720058123F /* Memo */ = {
			isa = PBXGroup;
			children = (
				E4A229C82C6775890058123F /* Components */,
				E4A229C32C6773330058123F /* Extensions */,
				E4A229C22C67732A0058123F /* Presentation */,
				E4A229C12C67731F0058123F /* Infrastructure */,
				E4A229C02C67731B0058123F /* Domain */,
				E4A229962C66A4720058123F /* MemoApp.swift */,
				E4A2299A2C66A4740058123F /* Assets.xcassets */,
				E4A2299C2C66A4740058123F /* Preview Content */,
			);
			path = Memo;
			sourceTree = "<group>";
		};
		E4A2299C2C66A4740058123F /* Preview Content */ = {
			isa = PBXGroup;
			children = (
				E4A2299D2C66A4740058123F /* Preview Assets.xcassets */,
			);
			path = "Preview Content";
			sourceTree = "<group>";
		};
		E4A229A62C66A4740058123F /* MemoTests */ = {
			isa = PBXGroup;
			children = (
				E4A229A72C66A4740058123F /* MemoTests.swift */,
			);
			path = MemoTests;
			sourceTree = "<group>";
		};
		E4A229B02C66A4740058123F /* MemoUITests */ = {
			isa = PBXGroup;
			children = (
				E4A229B12C66A4740058123F /* MemoUITests.swift */,
				E4A229B32C66A4740058123F /* MemoUITestsLaunchTests.swift */,
			);
			path = MemoUITests;
			sourceTree = "<group>";
		};
		E4A229C02C67731B0058123F /* Domain */ = {
			isa = PBXGroup;
			children = (
				E4A229C72C6774250058123F /* Usecases */,
				E4A229C62C67741C0058123F /* Repositories */,
				E4A229C52C6774150058123F /* Entities */,
			);
			path = Domain;
			sourceTree = "<group>";
		};
		E4A229C12C67731F0058123F /* Infrastructure */ = {
			isa = PBXGroup;
			children = (
			);
			path = Infrastructure;
			sourceTree = "<group>";
		};
		E4A229C22C67732A0058123F /* Presentation */ = {
			isa = PBXGroup;
			children = (
				E4A229D52C678A140058123F /* Content */,
				E4A229C42C67738E0058123F /* Home */,
			);
			path = Presentation;
			sourceTree = "<group>";
		};
		E4A229C32C6773330058123F /* Extensions */ = {
			isa = PBXGroup;
			children = (
			);
			path = Extensions;
			sourceTree = "<group>";
		};
		E4A229C42C67738E0058123F /* Home */ = {
			isa = PBXGroup;
			children = (
				E4A229982C66A4720058123F /* HomeView.swift */,
			);
			path = Home;
			sourceTree = "<group>";
		};
		E4A229C52C6774150058123F /* Entities */ = {
			isa = PBXGroup;
			children = (
			);
			path = Entities;
			sourceTree = "<group>";
		};
		E4A229C62C67741C0058123F /* Repositories */ = {
			isa = PBXGroup;
			children = (
			);
			path = Repositories;
			sourceTree = "<group>";
		};
		E4A229C72C6774250058123F /* Usecases */ = {
			isa = PBXGroup;
			children = (
			);
			path = Usecases;
			sourceTree = "<group>";
		};
		E4A229C82C6775890058123F /* Components */ = {
			isa = PBXGroup;
			children = (
				E4A229D22C67866C0058123F /* Icon */,
				E4A229CF2C6785480058123F /* NavigationBar */,
				E4A229CC2C677D710058123F /* BadgeDot */,
				E4A229C92C6775900058123F /* ChatBox */,
			);
			name = Components;
			sourceTree = "<group>";
		};
		E4A229C92C6775900058123F /* ChatBox */ = {
			isa = PBXGroup;
			children = (
				E4A229CA2C6775AB0058123F /* ChatBox.swift */,
			);
			name = ChatBox;
			sourceTree = "<group>";
		};
		E4A229CC2C677D710058123F /* BadgeDot */ = {
			isa = PBXGroup;
			children = (
				E4A229CD2C677D7A0058123F /* BadgeDot.swift */,
			);
			name = BadgeDot;
			sourceTree = "<group>";
		};
		E4A229CF2C6785480058123F /* NavigationBar */ = {
			isa = PBXGroup;
			children = (
				E4A229D02C6785560058123F /* NavigationBar.swift */,
			);
			name = NavigationBar;
			sourceTree = "<group>";
		};
		E4A229D22C67866C0058123F /* Icon */ = {
			isa = PBXGroup;
			children = (
				E4A229D32C6786780058123F /* Icon.swift */,
			);
			name = Icon;
			sourceTree = "<group>";
		};
		E4A229D52C678A140058123F /* Content */ = {
			isa = PBXGroup;
			children = (
				E4A229D62C678A1F0058123F /* ContentView.swift */,
			);
			path = Content;
			sourceTree = "<group>";
		};
/* End PBXGroup section */

/* Begin PBXNativeTarget section */
		E4A229922C66A4720058123F /* Memo */ = {
			isa = PBXNativeTarget;
			buildConfigurationList = E4A229B72C66A4740058123F /* Build configuration list for PBXNativeTarget "Memo" */;
			buildPhases = (
				E4A2298F2C66A4720058123F /* Sources */,
				E4A229902C66A4720058123F /* Frameworks */,
				E4A229912C66A4720058123F /* Resources */,
			);
			buildRules = (
			);
			dependencies = (
			);
			name = Memo;
			productName = Memo;
			productReference = E4A229932C66A4720058123F /* Memo.app */;
			productType = "com.apple.product-type.application";
		};
		E4A229A22C66A4740058123F /* MemoTests */ = {
			isa = PBXNativeTarget;
			buildConfigurationList = E4A229BA2C66A4740058123F /* Build configuration list for PBXNativeTarget "MemoTests" */;
			buildPhases = (
				E4A2299F2C66A4740058123F /* Sources */,
				E4A229A02C66A4740058123F /* Frameworks */,
				E4A229A12C66A4740058123F /* Resources */,
			);
			buildRules = (
			);
			dependencies = (
				E4A229A52C66A4740058123F /* PBXTargetDependency */,
			);
			name = MemoTests;
			productName = MemoTests;
			productReference = E4A229A32C66A4740058123F /* MemoTests.xctest */;
			productType = "com.apple.product-type.bundle.unit-test";
		};
		E4A229AC2C66A4740058123F /* MemoUITests */ = {
			isa = PBXNativeTarget;
			buildConfigurationList = E4A229BD2C66A4740058123F /* Build configuration list for PBXNativeTarget "MemoUITests" */;
			buildPhases = (
				E4A229A92C66A4740058123F /* Sources */,
				E4A229AA2C66A4740058123F /* Frameworks */,
				E4A229AB2C66A4740058123F /* Resources */,
			);
			buildRules = (
			);
			dependencies = (
				E4A229AF2C66A4740058123F /* PBXTargetDependency */,
			);
			name = MemoUITests;
			productName = MemoUITests;
			productReference = E4A229AD2C66A4740058123F /* MemoUITests.xctest */;
			productType = "com.apple.product-type.bundle.ui-testing";
		};
/* End PBXNativeTarget section */

/* Begin PBXProject section */
		E4A2298B2C66A4720058123F /* Project object */ = {
			isa = PBXProject;
			attributes = {
				BuildIndependentTargetsInParallel = 1;
				LastSwiftUpdateCheck = 1500;
				LastUpgradeCheck = 1500;
				TargetAttributes = {
					E4A229922C66A4720058123F = {
						CreatedOnToolsVersion = 15.0.1;
					};
					E4A229A22C66A4740058123F = {
						CreatedOnToolsVersion = 15.0.1;
						TestTargetID = E4A229922C66A4720058123F;
					};
					E4A229AC2C66A4740058123F = {
						CreatedOnToolsVersion = 15.0.1;
						TestTargetID = E4A229922C66A4720058123F;
					};
				};
			};
			buildConfigurationList = E4A2298E2C66A4720058123F /* Build configuration list for PBXProject "Memo" */;
			compatibilityVersion = "Xcode 14.0";
			developmentRegion = en;
			hasScannedForEncodings = 0;
			knownRegions = (
				en,
				Base,
			);
			mainGroup = E4A2298A2C66A4720058123F;
			productRefGroup = E4A229942C66A4720058123F /* Products */;
			projectDirPath = "";
			projectRoot = "";
			targets = (
				E4A229922C66A4720058123F /* Memo */,
				E4A229A22C66A4740058123F /* MemoTests */,
				E4A229AC2C66A4740058123F /* MemoUITests */,
			);
		};
/* End PBXProject section */

/* Begin PBXResourcesBuildPhase section */
		E4A229912C66A4720058123F /* Resources */ = {
			isa = PBXResourcesBuildPhase;
			buildActionMask = 2147483647;
			files = (
				E4A2299E2C66A4740058123F /* Preview Assets.xcassets in Resources */,
				E4A2299B2C66A4740058123F /* Assets.xcassets in Resources */,
			);
			runOnlyForDeploymentPostprocessing = 0;
		};
		E4A229A12C66A4740058123F /* Resources */ = {
			isa = PBXResourcesBuildPhase;
			buildActionMask = 2147483647;
			files = (
			);
			runOnlyForDeploymentPostprocessing = 0;
		};
		E4A229AB2C66A4740058123F /* Resources */ = {
			isa = PBXResourcesBuildPhase;
			buildActionMask = 2147483647;
			files = (
			);
			runOnlyForDeploymentPostprocessing = 0;
		};
/* End PBXResourcesBuildPhase section */

/* Begin PBXSourcesBuildPhase section */
		E4A2298F2C66A4720058123F /* Sources */ = {
			isa = PBXSourcesBuildPhase;
			buildActionMask = 2147483647;
			files = (
				E4A229D42C6786780058123F /* Icon.swift in Sources */,
				E4A229D12C6785560058123F /* NavigationBar.swift in Sources */,
				E4A229D72C678A1F0058123F /* ContentView.swift in Sources */,
				E4A229992C66A4720058123F /* HomeView.swift in Sources */,
				E4A229972C66A4720058123F /* MemoApp.swift in Sources */,
				E4A229CB2C6775AB0058123F /* ChatBox.swift in Sources */,
				E4A229CE2C677D7A0058123F /* BadgeDot.swift in Sources */,
			);
			runOnlyForDeploymentPostprocessing = 0;
		};
		E4A2299F2C66A4740058123F /* Sources */ = {
			isa = PBXSourcesBuildPhase;
			buildActionMask = 2147483647;
			files = (
				E4A229A82C66A4740058123F /* MemoTests.swift in Sources */,
			);
			runOnlyForDeploymentPostprocessing = 0;
		};
		E4A229A92C66A4740058123F /* Sources */ = {
			isa = PBXSourcesBuildPhase;
			buildActionMask = 2147483647;
			files = (
				E4A229B42C66A4740058123F /* MemoUITestsLaunchTests.swift in Sources */,
				E4A229B22C66A4740058123F /* MemoUITests.swift in Sources */,
			);
			runOnlyForDeploymentPostprocessing = 0;
		};
/* End PBXSourcesBuildPhase section */

/* Begin PBXTargetDependency section */
		E4A229A52C66A4740058123F /* PBXTargetDependency */ = {
			isa = PBXTargetDependency;
			target = E4A229922C66A4720058123F /* Memo */;
			targetProxy = E4A229A42C66A4740058123F /* PBXContainerItemProxy */;
		};
		E4A229AF2C66A4740058123F /* PBXTargetDependency */ = {
			isa = PBXTargetDependency;
			target = E4A229922C66A4720058123F /* Memo */;
			targetProxy = E4A229AE2C66A4740058123F /* PBXContainerItemProxy */;
		};
/* End PBXTargetDependency section */

/* Begin XCBuildConfiguration section */
		E4A229B52C66A4740058123F /* Debug */ = {
			isa = XCBuildConfiguration;
			buildSettings = {
				ALWAYS_SEARCH_USER_PATHS = NO;
				ASSETCATALOG_COMPILER_GENERATE_SWIFT_ASSET_SYMBOL_EXTENSIONS = YES;
				CLANG_ANALYZER_NONNULL = YES;
				CLANG_ANALYZER_NUMBER_OBJECT_CONVERSION = YES_AGGRESSIVE;
				CLANG_CXX_LANGUAGE_STANDARD = "gnu++20";
				CLANG_ENABLE_MODULES = YES;
				CLANG_ENABLE_OBJC_ARC = YES;
				CLANG_ENABLE_OBJC_WEAK = YES;
				CLANG_WARN_BLOCK_CAPTURE_AUTORELEASING = YES;
				CLANG_WARN_BOOL_CONVERSION = YES;
				CLANG_WARN_COMMA = YES;
				CLANG_WARN_CONSTANT_CONVERSION = YES;
				CLANG_WARN_DEPRECATED_OBJC_IMPLEMENTATIONS = YES;
				CLANG_WARN_DIRECT_OBJC_ISA_USAGE = YES_ERROR;
				CLANG_WARN_DOCUMENTATION_COMMENTS = YES;
				CLANG_WARN_EMPTY_BODY = YES;
				CLANG_WARN_ENUM_CONVERSION = YES;
				CLANG_WARN_INFINITE_RECURSION = YES;
				CLANG_WARN_INT_CONVERSION = YES;
				CLANG_WARN_NON_LITERAL_NULL_CONVERSION = YES;
				CLANG_WARN_OBJC_IMPLICIT_RETAIN_SELF = YES;
				CLANG_WARN_OBJC_LITERAL_CONVERSION = YES;
				CLANG_WARN_OBJC_ROOT_CLASS = YES_ERROR;
				CLANG_WARN_QUOTED_INCLUDE_IN_FRAMEWORK_HEADER = YES;
				CLANG_WARN_RANGE_LOOP_ANALYSIS = YES;
				CLANG_WARN_STRICT_PROTOTYPES = YES;
				CLANG_WARN_SUSPICIOUS_MOVE = YES;
				CLANG_WARN_UNGUARDED_AVAILABILITY = YES_AGGRESSIVE;
				CLANG_WARN_UNREACHABLE_CODE = YES;
				CLANG_WARN__DUPLICATE_METHOD_MATCH = YES;
				COPY_PHASE_STRIP = NO;
				DEBUG_INFORMATION_FORMAT = dwarf;
				ENABLE_STRICT_OBJC_MSGSEND = YES;
				ENABLE_TESTABILITY = YES;
				ENABLE_USER_SCRIPT_SANDBOXING = YES;
				GCC_C_LANGUAGE_STANDARD = gnu17;
				GCC_DYNAMIC_NO_PIC = NO;
				GCC_NO_COMMON_BLOCKS = YES;
				GCC_OPTIMIZATION_LEVEL = 0;
				GCC_PREPROCESSOR_DEFINITIONS = (
					"DEBUG=1",
					"$(inherited)",
				);
				GCC_WARN_64_TO_32_BIT_CONVERSION = YES;
				GCC_WARN_ABOUT_RETURN_TYPE = YES_ERROR;
				GCC_WARN_UNDECLARED_SELECTOR = YES;
				GCC_WARN_UNINITIALIZED_AUTOS = YES_AGGRESSIVE;
				GCC_WARN_UNUSED_FUNCTION = YES;
				GCC_WARN_UNUSED_VARIABLE = YES;
				IPHONEOS_DEPLOYMENT_TARGET = 17.0;
				LOCALIZATION_PREFERS_STRING_CATALOGS = YES;
				MTL_ENABLE_DEBUG_INFO = INCLUDE_SOURCE;
				MTL_FAST_MATH = YES;
				ONLY_ACTIVE_ARCH = YES;
				SDKROOT = iphoneos;
				SWIFT_ACTIVE_COMPILATION_CONDITIONS = "DEBUG $(inherited)";
				SWIFT_OPTIMIZATION_LEVEL = "-Onone";
			};
			name = Debug;
		};
		E4A229B62C66A4740058123F /* Release */ = {
			isa = XCBuildConfiguration;
			buildSettings = {
				ALWAYS_SEARCH_USER_PATHS = NO;
				ASSETCATALOG_COMPILER_GENERATE_SWIFT_ASSET_SYMBOL_EXTENSIONS = YES;
				CLANG_ANALYZER_NONNULL = YES;
				CLANG_ANALYZER_NUMBER_OBJECT_CONVERSION = YES_AGGRESSIVE;
				CLANG_CXX_LANGUAGE_STANDARD = "gnu++20";
				CLANG_ENABLE_MODULES = YES;
				CLANG_ENABLE_OBJC_ARC = YES;
				CLANG_ENABLE_OBJC_WEAK = YES;
				CLANG_WARN_BLOCK_CAPTURE_AUTORELEASING = YES;
				CLANG_WARN_BOOL_CONVERSION = YES;
				CLANG_WARN_COMMA = YES;
				CLANG_WARN_CONSTANT_CONVERSION = YES;
				CLANG_WARN_DEPRECATED_OBJC_IMPLEMENTATIONS = YES;
				CLANG_WARN_DIRECT_OBJC_ISA_USAGE = YES_ERROR;
				CLANG_WARN_DOCUMENTATION_COMMENTS = YES;
				CLANG_WARN_EMPTY_BODY = YES;
				CLANG_WARN_ENUM_CONVERSION = YES;
				CLANG_WARN_INFINITE_RECURSION = YES;
				CLANG_WARN_INT_CONVERSION = YES;
				CLANG_WARN_NON_LITERAL_NULL_CONVERSION = YES;
				CLANG_WARN_OBJC_IMPLICIT_RETAIN_SELF = YES;
				CLANG_WARN_OBJC_LITERAL_CONVERSION = YES;
				CLANG_WARN_OBJC_ROOT_CLASS = YES_ERROR;
				CLANG_WARN_QUOTED_INCLUDE_IN_FRAMEWORK_HEADER = YES;
				CLANG_WARN_RANGE_LOOP_ANALYSIS = YES;
				CLANG_WARN_STRICT_PROTOTYPES = YES;
				CLANG_WARN_SUSPICIOUS_MOVE = YES;
				CLANG_WARN_UNGUARDED_AVAILABILITY = YES_AGGRESSIVE;
				CLANG_WARN_UNREACHABLE_CODE = YES;
				CLANG_WARN__DUPLICATE_METHOD_MATCH = YES;
				COPY_PHASE_STRIP = NO;
				DEBUG_INFORMATION_FORMAT = "dwarf-with-dsym";
				ENABLE_NS_ASSERTIONS = NO;
				ENABLE_STRICT_OBJC_MSGSEND = YES;
				ENABLE_USER_SCRIPT_SANDBOXING = YES;
				GCC_C_LANGUAGE_STANDARD = gnu17;
				GCC_NO_COMMON_BLOCKS = YES;
				GCC_WARN_64_TO_32_BIT_CONVERSION = YES;
				GCC_WARN_ABOUT_RETURN_TYPE = YES_ERROR;
				GCC_WARN_UNDECLARED_SELECTOR = YES;
				GCC_WARN_UNINITIALIZED_AUTOS = YES_AGGRESSIVE;
				GCC_WARN_UNUSED_FUNCTION = YES;
				GCC_WARN_UNUSED_VARIABLE = YES;
				IPHONEOS_DEPLOYMENT_TARGET = 17.0;
				LOCALIZATION_PREFERS_STRING_CATALOGS = YES;
				MTL_ENABLE_DEBUG_INFO = NO;
				MTL_FAST_MATH = YES;
				SDKROOT = iphoneos;
				SWIFT_COMPILATION_MODE = wholemodule;
				VALIDATE_PRODUCT = YES;
			};
			name = Release;
		};
		E4A229B82C66A4740058123F /* Debug */ = {
			isa = XCBuildConfiguration;
			buildSettings = {
				ASSETCATALOG_COMPILER_APPICON_NAME = AppIcon;
				ASSETCATALOG_COMPILER_GLOBAL_ACCENT_COLOR_NAME = AccentColor;
				CODE_SIGN_STYLE = Automatic;
				CURRENT_PROJECT_VERSION = 1;
				DEVELOPMENT_ASSET_PATHS = "\"Memo/Preview Content\"";
				ENABLE_PREVIEWS = YES;
				GENERATE_INFOPLIST_FILE = YES;
				INFOPLIST_KEY_UIApplicationSceneManifest_Generation = YES;
				INFOPLIST_KEY_UIApplicationSupportsIndirectInputEvents = YES;
				INFOPLIST_KEY_UILaunchScreen_Generation = YES;
				INFOPLIST_KEY_UISupportedInterfaceOrientations_iPad = "UIInterfaceOrientationPortrait UIInterfaceOrientationPortraitUpsideDown UIInterfaceOrientationLandscapeLeft UIInterfaceOrientationLandscapeRight";
				INFOPLIST_KEY_UISupportedInterfaceOrientations_iPhone = "UIInterfaceOrientationPortrait UIInterfaceOrientationLandscapeLeft UIInterfaceOrientationLandscapeRight";
				LD_RUNPATH_SEARCH_PATHS = (
					"$(inherited)",
					"@executable_path/Frameworks",
				);
				MARKETING_VERSION = 1.0;
				PRODUCT_BUNDLE_IDENTIFIER = com.capstone.memo.Memo;
				PRODUCT_NAME = "$(TARGET_NAME)";
				SWIFT_EMIT_LOC_STRINGS = YES;
				SWIFT_VERSION = 5.0;
				TARGETED_DEVICE_FAMILY = "1,2";
			};
			name = Debug;
		};
		E4A229B92C66A4740058123F /* Release */ = {
			isa = XCBuildConfiguration;
			buildSettings = {
				ASSETCATALOG_COMPILER_APPICON_NAME = AppIcon;
				ASSETCATALOG_COMPILER_GLOBAL_ACCENT_COLOR_NAME = AccentColor;
				CODE_SIGN_STYLE = Automatic;
				CURRENT_PROJECT_VERSION = 1;
				DEVELOPMENT_ASSET_PATHS = "\"Memo/Preview Content\"";
				ENABLE_PREVIEWS = YES;
				GENERATE_INFOPLIST_FILE = YES;
				INFOPLIST_KEY_UIApplicationSceneManifest_Generation = YES;
				INFOPLIST_KEY_UIApplicationSupportsIndirectInputEvents = YES;
				INFOPLIST_KEY_UILaunchScreen_Generation = YES;
				INFOPLIST_KEY_UISupportedInterfaceOrientations_iPad = "UIInterfaceOrientationPortrait UIInterfaceOrientationPortraitUpsideDown UIInterfaceOrientationLandscapeLeft UIInterfaceOrientationLandscapeRight";
				INFOPLIST_KEY_UISupportedInterfaceOrientations_iPhone = "UIInterfaceOrientationPortrait UIInterfaceOrientationLandscapeLeft UIInterfaceOrientationLandscapeRight";
				LD_RUNPATH_SEARCH_PATHS = (
					"$(inherited)",
					"@executable_path/Frameworks",
				);
				MARKETING_VERSION = 1.0;
				PRODUCT_BUNDLE_IDENTIFIER = com.capstone.memo.Memo;
				PRODUCT_NAME = "$(TARGET_NAME)";
				SWIFT_EMIT_LOC_STRINGS = YES;
				SWIFT_VERSION = 5.0;
				TARGETED_DEVICE_FAMILY = "1,2";
			};
			name = Release;
		};
		E4A229BB2C66A4740058123F /* Debug */ = {
			isa = XCBuildConfiguration;
			buildSettings = {
				ALWAYS_EMBED_SWIFT_STANDARD_LIBRARIES = YES;
				BUNDLE_LOADER = "$(TEST_HOST)";
				CODE_SIGN_STYLE = Automatic;
				CURRENT_PROJECT_VERSION = 1;
				GENERATE_INFOPLIST_FILE = YES;
				IPHONEOS_DEPLOYMENT_TARGET = 17.0;
				MARKETING_VERSION = 1.0;
				PRODUCT_BUNDLE_IDENTIFIER = com.capstone.memo.MemoTests;
				PRODUCT_NAME = "$(TARGET_NAME)";
				SWIFT_EMIT_LOC_STRINGS = NO;
				SWIFT_VERSION = 5.0;
				TARGETED_DEVICE_FAMILY = "1,2";
				TEST_HOST = "$(BUILT_PRODUCTS_DIR)/Memo.app/$(BUNDLE_EXECUTABLE_FOLDER_PATH)/Memo";
			};
			name = Debug;
		};
		E4A229BC2C66A4740058123F /* Release */ = {
			isa = XCBuildConfiguration;
			buildSettings = {
				ALWAYS_EMBED_SWIFT_STANDARD_LIBRARIES = YES;
				BUNDLE_LOADER = "$(TEST_HOST)";
				CODE_SIGN_STYLE = Automatic;
				CURRENT_PROJECT_VERSION = 1;
				GENERATE_INFOPLIST_FILE = YES;
				IPHONEOS_DEPLOYMENT_TARGET = 17.0;
				MARKETING_VERSION = 1.0;
				PRODUCT_BUNDLE_IDENTIFIER = com.capstone.memo.MemoTests;
				PRODUCT_NAME = "$(TARGET_NAME)";
				SWIFT_EMIT_LOC_STRINGS = NO;
				SWIFT_VERSION = 5.0;
				TARGETED_DEVICE_FAMILY = "1,2";
				TEST_HOST = "$(BUILT_PRODUCTS_DIR)/Memo.app/$(BUNDLE_EXECUTABLE_FOLDER_PATH)/Memo";
			};
			name = Release;
		};
		E4A229BE2C66A4740058123F /* Debug */ = {
			isa = XCBuildConfiguration;
			buildSettings = {
				ALWAYS_EMBED_SWIFT_STANDARD_LIBRARIES = YES;
				CODE_SIGN_STYLE = Automatic;
				CURRENT_PROJECT_VERSION = 1;
				GENERATE_INFOPLIST_FILE = YES;
				MARKETING_VERSION = 1.0;
				PRODUCT_BUNDLE_IDENTIFIER = com.capstone.memo.MemoUITests;
				PRODUCT_NAME = "$(TARGET_NAME)";
				SWIFT_EMIT_LOC_STRINGS = NO;
				SWIFT_VERSION = 5.0;
				TARGETED_DEVICE_FAMILY = "1,2";
				TEST_TARGET_NAME = Memo;
			};
			name = Debug;
		};
		E4A229BF2C66A4740058123F /* Release */ = {
			isa = XCBuildConfiguration;
			buildSettings = {
				ALWAYS_EMBED_SWIFT_STANDARD_LIBRARIES = YES;
				CODE_SIGN_STYLE = Automatic;
				CURRENT_PROJECT_VERSION = 1;
				GENERATE_INFOPLIST_FILE = YES;
				MARKETING_VERSION = 1.0;
				PRODUCT_BUNDLE_IDENTIFIER = com.capstone.memo.MemoUITests;
				PRODUCT_NAME = "$(TARGET_NAME)";
				SWIFT_EMIT_LOC_STRINGS = NO;
				SWIFT_VERSION = 5.0;
				TARGETED_DEVICE_FAMILY = "1,2";
				TEST_TARGET_NAME = Memo;
			};
			name = Release;
		};
/* End XCBuildConfiguration section */

/* Begin XCConfigurationList section */
		E4A2298E2C66A4720058123F /* Build configuration list for PBXProject "Memo" */ = {
			isa = XCConfigurationList;
			buildConfigurations = (
				E4A229B52C66A4740058123F /* Debug */,
				E4A229B62C66A4740058123F /* Release */,
			);
			defaultConfigurationIsVisible = 0;
			defaultConfigurationName = Release;
		};
		E4A229B72C66A4740058123F /* Build configuration list for PBXNativeTarget "Memo" */ = {
			isa = XCConfigurationList;
			buildConfigurations = (
				E4A229B82C66A4740058123F /* Debug */,
				E4A229B92C66A4740058123F /* Release */,
			);
			defaultConfigurationIsVisible = 0;
			defaultConfigurationName = Release;
		};
		E4A229BA2C66A4740058123F /* Build configuration list for PBXNativeTarget "MemoTests" */ = {
			isa = XCConfigurationList;
			buildConfigurations = (
				E4A229BB2C66A4740058123F /* Debug */,
				E4A229BC2C66A4740058123F /* Release */,
			);
			defaultConfigurationIsVisible = 0;
			defaultConfigurationName = Release;
		};
		E4A229BD2C66A4740058123F /* Build configuration list for PBXNativeTarget "MemoUITests" */ = {
			isa = XCConfigurationList;
			buildConfigurations = (
				E4A229BE2C66A4740058123F /* Debug */,
				E4A229BF2C66A4740058123F /* Release */,
			);
			defaultConfigurationIsVisible = 0;
			defaultConfigurationName = Release;
		};
/* End XCConfigurationList section */
	};
	rootObject = E4A2298B2C66A4720058123F /* Project object */;
}
